
Microsoft Visual Studio Solution File, Format Version 12.00
# Visual Studio 2013
VisualStudioVersion = 12.0.21005.1
MinimumVisualStudioVersion = 10.0.40219.1
Project("{FAE04EC0-301F-11D3-BF4B-00C04F79EFBC}") = "JT.NetParse.DataServices", "JT.NetParse.DataServices\JT.NetParse.DataServices.csproj", "{A9E51791-1E9A-47FF-B2C6-182776C01274}"
EndProject
Project("{FAE04EC0-301F-11D3-BF4B-00C04F79EFBC}") = "JT.NetParse.DataInputs", "JT.NetParse.DataInputs\JT.NetParse.DataInputs.csproj", "{9AA90403-587E-4F80-936D-7EBD3078880F}"
EndProject
Global
	GlobalSection(SolutionConfigurationPlatforms) = preSolution
		Debug|Any CPU = Debug|Any CPU
		Release|Any CPU = Release|Any CPU
	EndGlobalSection
	GlobalSection(ProjectConfigurationPlatforms) = postSolution
		{A9E51791-1E9A-47FF-B2C6-182776C01274}.Debug|Any CPU.ActiveCfg = Debug|Any CPU
		{A9E51791-1E9A-47FF-B2C6-182776C01274}.Debug|Any CPU.Build.0 = Debug|Any CPU
		{A9E51791-1E9A-47FF-B2C6-182776C01274}.Release|Any CPU.ActiveCfg = Release|Any CPU
		{A9E51791-1E9A-47FF-B2C6-182776C01274}.Release|Any CPU.Build.0 = Release|Any CPU
		{9AA90403-587E-4F80-936D-7EBD3078880F}.Debug|Any CPU.ActiveCfg = Debug|Any CPU
		{9AA90403-587E-4F80-936D-7EBD3078880F}.Debug|Any CPU.Build.0 = Debug|Any CPU
		{9AA90403-587E-4F80-936D-7EBD3078880F}.Release|Any CPU.ActiveCfg = Release|Any CPU
		{9AA90403-587E-4F80-936D-7EBD3078880F}.Release|Any CPU.Build.0 = Release|Any CPU
	EndGlobalSection
	GlobalSection(SolutionProperties) = preSolution
		HideSolutionNode = FALSE
	EndGlobalSection
EndGlobal
